// !$*UTF8*$!
{
	archiveVersion = 1;
	classes = {
	};
	objectVersion = 50;
	objects = {

/* Begin PBXBuildFile section */
		025E0C59D6EEC12F7EF6F5D4 /* libPods-LBQRCode.a in Frameworks */ = {isa = PBXBuildFile; fileRef = 49DFF0C356DD62468785490D /* libPods-LBQRCode.a */; };
		3AE07239219BCD7E009374B2 /* AppDelegate.m in Sources */ = {isa = PBXBuildFile; fileRef = 3AE07238219BCD7E009374B2 /* AppDelegate.m */; };
		3AE0723F219BCD7E009374B2 /* Main.storyboard in Resources */ = {isa = PBXBuildFile; fileRef = 3AE0723D219BCD7E009374B2 /* Main.storyboard */; };
		3AE07241219BCD80009374B2 /* Assets.xcassets in Resources */ = {isa = PBXBuildFile; fileRef = 3AE07240219BCD80009374B2 /* Assets.xcassets */; };
		3AE07244219BCD80009374B2 /* LaunchScreen.storyboard in Resources */ = {isa = PBXBuildFile; fileRef = 3AE07242219BCD80009374B2 /* LaunchScreen.storyboard */; };
		3AE07247219BCD80009374B2 /* main.m in Sources */ = {isa = PBXBuildFile; fileRef = 3AE07246219BCD80009374B2 /* main.m */; };
		3AE07254219BCF49009374B2 /* scanscanBg.png in Resources */ = {isa = PBXBuildFile; fileRef = 3AE0724F219BCF49009374B2 /* scanscanBg.png */; };
		3AE07255219BCF49009374B2 /* scanLine@3x.png in Resources */ = {isa = PBXBuildFile; fileRef = 3AE07250219BCF49009374B2 /* scanLine@3x.png */; };
		3AE07256219BCF49009374B2 /* scanLine@2x.png in Resources */ = {isa = PBXBuildFile; fileRef = 3AE07251219BCF49009374B2 /* scanLine@2x.png */; };
		3AE07257219BCF49009374B2 /* tip.png in Resources */ = {isa = PBXBuildFile; fileRef = 3AE07252219BCF49009374B2 /* tip.png */; };
		3AE07258219BCF49009374B2 /* tip@2x.png in Resources */ = {isa = PBXBuildFile; fileRef = 3AE07253219BCF49009374B2 /* tip@2x.png */; };
		3AE0725B219BD1AE009374B2 /* LBHomeController.m in Sources */ = {isa = PBXBuildFile; fileRef = 3AE0725A219BD1AE009374B2 /* LBHomeController.m */; };
		3AE0725E219BEAAD009374B2 /* LBQRCodeScanController.m in Sources */ = {isa = PBXBuildFile; fileRef = 3AE0725D219BEAAD009374B2 /* LBQRCodeScanController.m */; };
		3AE07264219BEFF8009374B2 /* LBQRNavController.m in Sources */ = {isa = PBXBuildFile; fileRef = 3AE07263219BEFF8009374B2 /* LBQRNavController.m */; };
		3AE07267219BF04A009374B2 /* leftback@2x.png in Resources */ = {isa = PBXBuildFile; fileRef = 3AE07265219BF04A009374B2 /* leftback@2x.png */; };
		3AE07268219BF04A009374B2 /* leftback@3x.png in Resources */ = {isa = PBXBuildFile; fileRef = 3AE07266219BF04A009374B2 /* leftback@3x.png */; };
/* End PBXBuildFile section */

/* Begin PBXFileReference section */
		2B36630F98415DA074375C53 /* Pods-LBQRCode.release.xcconfig */ = {isa = PBXFileReference; includeInIndex = 1; lastKnownFileType = text.xcconfig; name = "Pods-LBQRCode.release.xcconfig"; path = "Pods/Target Support Files/Pods-LBQRCode/Pods-LBQRCode.release.xcconfig"; sourceTree = "<group>"; };
		3AE07234219BCD7E009374B2 /* LBQRCode.app */ = {isa = PBXFileReference; explicitFileType = wrapper.application; includeInIndex = 0; path = LBQRCode.app; sourceTree = BUILT_PRODUCTS_DIR; };
		3AE07237219BCD7E009374B2 /* AppDelegate.h */ = {isa = PBXFileReference; lastKnownFileType = sourcecode.c.h; path = AppDelegate.h; sourceTree = "<group>"; };
		3AE07238219BCD7E009374B2 /* AppDelegate.m */ = {isa = PBXFileReference; lastKnownFileType = sourcecode.c.objc; path = AppDelegate.m; sourceTree = "<group>"; };
		3AE0723E219BCD7E009374B2 /* Base */ = {isa = PBXFileReference; lastKnownFileType = file.storyboard; name = Base; path = Base.lproj/Main.storyboard; sourceTree = "<group>"; };
		3AE07240219BCD80009374B2 /* Assets.xcassets */ = {isa = PBXFileReference; lastKnownFileType = folder.assetcatalog; path = Assets.xcassets; sourceTree = "<group>"; };
		3AE07243219BCD80009374B2 /* Base */ = {isa = PBXFileReference; lastKnownFileType = file.storyboard; name = Base; path = Base.lproj/LaunchScreen.storyboard; sourceTree = "<group>"; };
		3AE07245219BCD80009374B2 /* Info.plist */ = {isa = PBXFileReference; lastKnownFileType = text.plist.xml; path = Info.plist; sourceTree = "<group>"; };
		3AE07246219BCD80009374B2 /* main.m */ = {isa = PBXFileReference; lastKnownFileType = sourcecode.c.objc; path = main.m; sourceTree = "<group>"; };
		3AE0724F219BCF49009374B2 /* scanscanBg.png */ = {isa = PBXFileReference; lastKnownFileType = image.png; path = scanscanBg.png; sourceTree = "<group>"; };
		3AE07250219BCF49009374B2 /* scanLine@3x.png */ = {isa = PBXFileReference; lastKnownFileType = image.png; path = "scanLine@3x.png"; sourceTree = "<group>"; };
		3AE07251219BCF49009374B2 /* scanLine@2x.png */ = {isa = PBXFileReference; lastKnownFileType = image.png; path = "scanLine@2x.png"; sourceTree = "<group>"; };
		3AE07252219BCF49009374B2 /* tip.png */ = {isa = PBXFileReference; lastKnownFileType = image.png; path = tip.png; sourceTree = "<group>"; };
		3AE07253219BCF49009374B2 /* tip@2x.png */ = {isa = PBXFileReference; lastKnownFileType = image.png; path = "tip@2x.png"; sourceTree = "<group>"; };
		3AE07259219BD1AE009374B2 /* LBHomeController.h */ = {isa = PBXFileReference; lastKnownFileType = sourcecode.c.h; path = LBHomeController.h; sourceTree = "<group>"; };
		3AE0725A219BD1AE009374B2 /* LBHomeController.m */ = {isa = PBXFileReference; lastKnownFileType = sourcecode.c.objc; path = LBHomeController.m; sourceTree = "<group>"; };
		3AE0725C219BEAAD009374B2 /* LBQRCodeScanController.h */ = {isa = PBXFileReference; lastKnownFileType = sourcecode.c.h; path = LBQRCodeScanController.h; sourceTree = "<group>"; };
		3AE0725D219BEAAD009374B2 /* LBQRCodeScanController.m */ = {isa = PBXFileReference; lastKnownFileType = sourcecode.c.objc; path = LBQRCodeScanController.m; sourceTree = "<group>"; };
		3AE0725F219BEB53009374B2 /* LBQRCodeHeader.h */ = {isa = PBXFileReference; lastKnownFileType = sourcecode.c.h; path = LBQRCodeHeader.h; sourceTree = "<group>"; };
		3AE07262219BEFF8009374B2 /* LBQRNavController.h */ = {isa = PBXFileReference; lastKnownFileType = sourcecode.c.h; path = LBQRNavController.h; sourceTree = "<group>"; };
		3AE07263219BEFF8009374B2 /* LBQRNavController.m */ = {isa = PBXFileReference; lastKnownFileType = sourcecode.c.objc; path = LBQRNavController.m; sourceTree = "<group>"; };
		3AE07265219BF04A009374B2 /* leftback@2x.png */ = {isa = PBXFileReference; lastKnownFileType = image.png; path = "leftback@2x.png"; sourceTree = "<group>"; };
		3AE07266219BF04A009374B2 /* leftback@3x.png */ = {isa = PBXFileReference; lastKnownFileType = image.png; path = "leftback@3x.png"; sourceTree = "<group>"; };
		49DFF0C356DD62468785490D /* libPods-LBQRCode.a */ = {isa = PBXFileReference; explicitFileType = archive.ar; includeInIndex = 0; path = "libPods-LBQRCode.a"; sourceTree = BUILT_PRODUCTS_DIR; };
		CD9E05D03A3BF3EDC7FEE132 /* Pods-LBQRCode.debug.xcconfig */ = {isa = PBXFileReference; includeInIndex = 1; lastKnownFileType = text.xcconfig; name = "Pods-LBQRCode.debug.xcconfig"; path = "Pods/Target Support Files/Pods-LBQRCode/Pods-LBQRCode.debug.xcconfig"; sourceTree = "<group>"; };
/* End PBXFileReference section */

/* Begin PBXFrameworksBuildPhase section */
		3AE07231219BCD7E009374B2 /* Frameworks */ = {
			isa = PBXFrameworksBuildPhase;
			buildActionMask = 2147483647;
			files = (
				025E0C59D6EEC12F7EF6F5D4 /* libPods-LBQRCode.a in Frameworks */,
			);
			runOnlyForDeploymentPostprocessing = 0;
		};
/* End PBXFrameworksBuildPhase section */

/* Begin PBXGroup section */
		277AEE1A49DEB49F6E36A2D6 /* Frameworks */ = {
			isa = PBXGroup;
			children = (
				49DFF0C356DD62468785490D /* libPods-LBQRCode.a */,
			);
			name = Frameworks;
			sourceTree = "<group>";
		};
		3AE0722B219BCD7E009374B2 = {
			isa = PBXGroup;
			children = (
				3AE07236219BCD7E009374B2 /* LBQRCode */,
				3AE07235219BCD7E009374B2 /* Products */,
				8886580F77079FA11A7455D1 /* Pods */,
				277AEE1A49DEB49F6E36A2D6 /* Frameworks */,
			);
			sourceTree = "<group>";
		};
		3AE07235219BCD7E009374B2 /* Products */ = {
			isa = PBXGroup;
			children = (
				3AE07234219BCD7E009374B2 /* LBQRCode.app */,
			);
			name = Products;
			sourceTree = "<group>";
		};
		3AE07236219BCD7E009374B2 /* LBQRCode */ = {
			isa = PBXGroup;
			children = (
				3AE0724D219BCDB4009374B2 /* LBQRCode */,
				3AE07237219BCD7E009374B2 /* AppDelegate.h */,
				3AE07238219BCD7E009374B2 /* AppDelegate.m */,
				3AE07262219BEFF8009374B2 /* LBQRNavController.h */,
				3AE07263219BEFF8009374B2 /* LBQRNavController.m */,
				3AE07259219BD1AE009374B2 /* LBHomeController.h */,
				3AE0725A219BD1AE009374B2 /* LBHomeController.m */,
				3AE0723D219BCD7E009374B2 /* Main.storyboard */,
				3AE07240219BCD80009374B2 /* Assets.xcassets */,
				3AE07242219BCD80009374B2 /* LaunchScreen.storyboard */,
				3AE07245219BCD80009374B2 /* Info.plist */,
				3AE07246219BCD80009374B2 /* main.m */,
			);
			path = LBQRCode;
			sourceTree = "<group>";
		};
		3AE0724D219BCDB4009374B2 /* LBQRCode */ = {
			isa = PBXGroup;
			children = (
				3AE0724E219BCF49009374B2 /* imagess */,
				3AE0725C219BEAAD009374B2 /* LBQRCodeScanController.h */,
				3AE0725D219BEAAD009374B2 /* LBQRCodeScanController.m */,
				3AE0725F219BEB53009374B2 /* LBQRCodeHeader.h */,
			);
			path = LBQRCode;
			sourceTree = "<group>";
		};
		3AE0724E219BCF49009374B2 /* imagess */ = {
			isa = PBXGroup;
			children = (
				3AE07265219BF04A009374B2 /* leftback@2x.png */,
				3AE07266219BF04A009374B2 /* leftback@3x.png */,
				3AE0724F219BCF49009374B2 /* scanscanBg.png */,
				3AE07250219BCF49009374B2 /* scanLine@3x.png */,
				3AE07251219BCF49009374B2 /* scanLine@2x.png */,
				3AE07252219BCF49009374B2 /* tip.png */,
				3AE07253219BCF49009374B2 /* tip@2x.png */,
			);
			path = imagess;
			sourceTree = "<group>";
		};
		8886580F77079FA11A7455D1 /* Pods */ = {
			isa = PBXGroup;
			children = (
				CD9E05D03A3BF3EDC7FEE132 /* Pods-LBQRCode.debug.xcconfig */,
				2B36630F98415DA074375C53 /* Pods-LBQRCode.release.xcconfig */,
			);
			name = Pods;
			sourceTree = "<group>";
		};
/* End PBXGroup section */

/* Begin PBXNativeTarget section */
		3AE07233219BCD7E009374B2 /* LBQRCode */ = {
			isa = PBXNativeTarget;
			buildConfigurationList = 3AE0724A219BCD80009374B2 /* Build configuration list for PBXNativeTarget "LBQRCode" */;
			buildPhases = (
				F72DAC7C8C278DD384E49323 /* [CP] Check Pods Manifest.lock */,
				3AE07230219BCD7E009374B2 /* Sources */,
				3AE07231219BCD7E009374B2 /* Frameworks */,
				3AE07232219BCD7E009374B2 /* Resources */,
			);
			buildRules = (
			);
			dependencies = (
			);
			name = LBQRCode;
			productName = LBQRCode;
			productReference = 3AE07234219BCD7E009374B2 /* LBQRCode.app */;
			productType = "com.apple.product-type.application";
		};
/* End PBXNativeTarget section */

/* Begin PBXProject section */
		3AE0722C219BCD7E009374B2 /* Project object */ = {
			isa = PBXProject;
			attributes = {
				LastUpgradeCheck = 0930;
				ORGANIZATIONNAME = JCSON;
				TargetAttributes = {
					3AE07233219BCD7E009374B2 = {
						CreatedOnToolsVersion = 9.3.1;
					};
				};
			};
			buildConfigurationList = 3AE0722F219BCD7E009374B2 /* Build configuration list for PBXProject "LBQRCode" */;
			compatibilityVersion = "Xcode 9.3";
			developmentRegion = en;
			hasScannedForEncodings = 0;
			knownRegions = (
				en,
				Base,
			);
			mainGroup = 3AE0722B219BCD7E009374B2;
			productRefGroup = 3AE07235219BCD7E009374B2 /* Products */;
			projectDirPath = "";
			projectRoot = "";
			targets = (
				3AE07233219BCD7E009374B2 /* LBQRCode */,
			);
		};
/* End PBXProject section */

/* Begin PBXResourcesBuildPhase section */
		3AE07232219BCD7E009374B2 /* Resources */ = {
			isa = PBXResourcesBuildPhase;
			buildActionMask = 2147483647;
			files = (
				3AE07267219BF04A009374B2 /* leftback@2x.png in Resources */,
				3AE07254219BCF49009374B2 /* scanscanBg.png in Resources */,
				3AE07255219BCF49009374B2 /* scanLine@3x.png in Resources */,
				3AE07268219BF04A009374B2 /* leftback@3x.png in Resources */,
				3AE07244219BCD80009374B2 /* LaunchScreen.storyboard in Resources */,
				3AE07241219BCD80009374B2 /* Assets.xcassets in Resources */,
				3AE07258219BCF49009374B2 /* tip@2x.png in Resources */,
				3AE0723F219BCD7E009374B2 /* Main.storyboard in Resources */,
				3AE07256219BCF49009374B2 /* scanLine@2x.png in Resources */,
				3AE07257219BCF49009374B2 /* tip.png in Resources */,
			);
			runOnlyForDeploymentPostprocessing = 0;
		};
/* End PBXResourcesBuildPhase section */

/* Begin PBXShellScriptBuildPhase section */
		F72DAC7C8C278DD384E49323 /* [CP] Check Pods Manifest.lock */ = {
			isa = PBXShellScriptBuildPhase;
			buildActionMask = 2147483647;
			files = (
			);
			inputPaths = (
				"${PODS_PODFILE_DIR_PATH}/Podfile.lock",
				"${PODS_ROOT}/Manifest.lock",
			);
			name = "[CP] Check Pods Manifest.lock";
			outputPaths = (
				"$(DERIVED_FILE_DIR)/Pods-LBQRCode-checkManifestLockResult.txt",
			);
			runOnlyForDeploymentPostprocessing = 0;
			shellPath = /bin/sh;
			shellScript = "diff \"${PODS_PODFILE_DIR_PATH}/Podfile.lock\" \"${PODS_ROOT}/Manifest.lock\" > /dev/null\nif [ $? != 0 ] ; then\n    # print error to STDERR\n    echo \"error: The sandbox is not in sync with the Podfile.lock. Run 'pod install' or update your CocoaPods installation.\" >&2\n    exit 1\nfi\n# This output is used by Xcode 'outputs' to avoid re-running this script phase.\necho \"SUCCESS\" > \"${SCRIPT_OUTPUT_FILE_0}\"\n";
			showEnvVarsInLog = 0;
		};
/* End PBXShellScriptBuildPhase section */

/* Begin PBXSourcesBuildPhase section */
		3AE07230219BCD7E009374B2 /* Sources */ = {
			isa = PBXSourcesBuildPhase;
			buildActionMask = 2147483647;
			files = (
				3AE0725E219BEAAD009374B2 /* LBQRCodeScanController.m in Sources */,
				3AE07264219BEFF8009374B2 /* LBQRNavController.m in Sources */,
				3AE07247219BCD80009374B2 /* main.m in Sources */,
				3AE0725B219BD1AE009374B2 /* LBHomeController.m in Sources */,
				3AE07239219BCD7E009374B2 /* AppDelegate.m in Sources */,
			);
			runOnlyForDeploymentPostprocessing = 0;
		};
/* End PBXSourcesBuildPhase section */

/* Begin PBXVariantGroup section */
		3AE0723D219BCD7E009374B2 /* Main.storyboard */ = {
			isa = PBXVariantGroup;
			children = (
				3AE0723E219BCD7E009374B2 /* Base */,
			);
			name = Main.storyboard;
			sourceTree = "<group>";
		};
		3AE07242219BCD80009374B2 /* LaunchScreen.storyboard */ = {
			isa = PBXVariantGroup;
			children = (
				3AE07243219BCD80009374B2 /* Base */,
			);
			name = LaunchScreen.storyboard;
			sourceTree = "<group>";
		};
/* End PBXVariantGroup section */

/* Begin XCBuildConfiguration section */
		3AE07248219BCD80009374B2 /* Debug */ = {
			isa = XCBuildConfiguration;
			buildSettings = {
				ALWAYS_SEARCH_USER_PATHS = NO;
				CLANG_ANALYZER_NONNULL = YES;
				CLANG_ANALYZER_NUMBER_OBJECT_CONVERSION = YES_AGGRESSIVE;
				CLANG_CXX_LANGUAGE_STANDARD = "gnu++14";
				CLANG_CXX_LIBRARY = "libc++";
				CLANG_ENABLE_MODULES = YES;
				CLANG_ENABLE_OBJC_ARC = YES;
				CLANG_ENABLE_OBJC_WEAK = YES;
				CLANG_WARN_BLOCK_CAPTURE_AUTORELEASING = YES;
				CLANG_WARN_BOOL_CONVERSION = YES;
				CLANG_WARN_COMMA = YES;
				CLANG_WARN_CONSTANT_CONVERSION = YES;
				CLANG_WARN_DEPRECATED_OBJC_IMPLEMENTATIONS = YES;
				CLANG_WARN_DIRECT_OBJC_ISA_USAGE = YES_ERROR;
				CLANG_WARN_DOCUMENTATION_COMMENTS = YES;
				CLANG_WARN_EMPTY_BODY = YES;
				CLANG_WARN_ENUM_CONVERSION = YES;
				CLANG_WARN_INFINITE_RECURSION = YES;
				CLANG_WARN_INT_CONVERSION = YES;
				CLANG_WARN_NON_LITERAL_NULL_CONVERSION = YES;
				CLANG_WARN_OBJC_IMPLICIT_RETAIN_SELF = YES;
				CLANG_WARN_OBJC_LITERAL_CONVERSION = YES;
				CLANG_WARN_OBJC_ROOT_CLASS = YES_ERROR;
				CLANG_WARN_RANGE_LOOP_ANALYSIS = YES;
				CLANG_WARN_STRICT_PROTOTYPES = YES;
				CLANG_WARN_SUSPICIOUS_MOVE = YES;
				CLANG_WARN_UNGUARDED_AVAILABILITY = YES_AGGRESSIVE;
				CLANG_WARN_UNREACHABLE_CODE = YES;
				CLANG_WARN__DUPLICATE_METHOD_MATCH = YES;
				CODE_SIGN_IDENTITY = "iPhone Developer";
				COPY_PHASE_STRIP = NO;
				DEBUG_INFORMATION_FORMAT = dwarf;
				ENABLE_STRICT_OBJC_MSGSEND = YES;
				ENABLE_TESTABILITY = YES;
				GCC_C_LANGUAGE_STANDARD = gnu11;
				GCC_DYNAMIC_NO_PIC = NO;
				GCC_NO_COMMON_BLOCKS = YES;
				GCC_OPTIMIZATION_LEVEL = 0;
				GCC_PREPROCESSOR_DEFINITIONS = (
					"DEBUG=1",
					"$(inherited)",
				);
				GCC_WARN_64_TO_32_BIT_CONVERSION = YES;
				GCC_WARN_ABOUT_RETURN_TYPE = YES_ERROR;
				GCC_WARN_UNDECLARED_SELECTOR = YES;
				GCC_WARN_UNINITIALIZED_AUTOS = YES_AGGRESSIVE;
				GCC_WARN_UNUSED_FUNCTION = YES;
				GCC_WARN_UNUSED_VARIABLE = YES;
				IPHONEOS_DEPLOYMENT_TARGET = 11.3;
				MTL_ENABLE_DEBUG_INFO = YES;
				ONLY_ACTIVE_ARCH = YES;
				SDKROOT = iphoneos;
			};
			name = Debug;
		};
		3AE07249219BCD80009374B2 /* Release */ = {
			isa = XCBuildConfiguration;
			buildSettings = {
				ALWAYS_SEARCH_USER_PATHS = NO;
				CLANG_ANALYZER_NONNULL = YES;
				CLANG_ANALYZER_NUMBER_OBJECT_CONVERSION = YES_AGGRESSIVE;
				CLANG_CXX_LANGUAGE_STANDARD = "gnu++14";
				CLANG_CXX_LIBRARY = "libc++";
				CLANG_ENABLE_MODULES = YES;
				CLANG_ENABLE_OBJC_ARC = YES;
				CLANG_ENABLE_OBJC_WEAK = YES;
				CLANG_WARN_BLOCK_CAPTURE_AUTORELEASING = YES;
				CLANG_WARN_BOOL_CONVERSION = YES;
				CLANG_WARN_COMMA = YES;
				CLANG_WARN_CONSTANT_CONVERSION = YES;
				CLANG_WARN_DEPRECATED_OBJC_IMPLEMENTATIONS = YES;
				CLANG_WARN_DIRECT_OBJC_ISA_USAGE = YES_ERROR;
				CLANG_WARN_DOCUMENTATION_COMMENTS = YES;
				CLANG_WARN_EMPTY_BODY = YES;
				CLANG_WARN_ENUM_CONVERSION = YES;
				CLANG_WARN_INFINITE_RECURSION = YES;
				CLANG_WARN_INT_CONVERSION = YES;
				CLANG_WARN_NON_LITERAL_NULL_CONVERSION = YES;
				CLANG_WARN_OBJC_IMPLICIT_RETAIN_SELF = YES;
				CLANG_WARN_OBJC_LITERAL_CONVERSION = YES;
				CLANG_WARN_OBJC_ROOT_CLASS = YES_ERROR;
				CLANG_WARN_RANGE_LOOP_ANALYSIS = YES;
				CLANG_WARN_STRICT_PROTOTYPES = YES;
				CLANG_WARN_SUSPICIOUS_MOVE = YES;
				CLANG_WARN_UNGUARDED_AVAILABILITY = YES_AGGRESSIVE;
				CLANG_WARN_UNREACHABLE_CODE = YES;
				CLANG_WARN__DUPLICATE_METHOD_MATCH = YES;
				CODE_SIGN_IDENTITY = "iPhone Developer";
				COPY_PHASE_STRIP = NO;
				DEBUG_INFORMATION_FORMAT = "dwarf-with-dsym";
				ENABLE_NS_ASSERTIONS = NO;
				ENABLE_STRICT_OBJC_MSGSEND = YES;
				GCC_C_LANGUAGE_STANDARD = gnu11;
				GCC_NO_COMMON_BLOCKS = YES;
				GCC_WARN_64_TO_32_BIT_CONVERSION = YES;
				GCC_WARN_ABOUT_RETURN_TYPE = YES_ERROR;
				GCC_WARN_UNDECLARED_SELECTOR = YES;
				GCC_WARN_UNINITIALIZED_AUTOS = YES_AGGRESSIVE;
				GCC_WARN_UNUSED_FUNCTION = YES;
				GCC_WARN_UNUSED_VARIABLE = YES;
				IPHONEOS_DEPLOYMENT_TARGET = 11.3;
				MTL_ENABLE_DEBUG_INFO = NO;
				SDKROOT = iphoneos;
				VALIDATE_PRODUCT = YES;
			};
			name = Release;
		};
		3AE0724B219BCD80009374B2 /* Debug */ = {
			isa = XCBuildConfiguration;
			baseConfigurationReference = CD9E05D03A3BF3EDC7FEE132 /* Pods-LBQRCode.debug.xcconfig */;
			buildSettings = {
				ASSETCATALOG_COMPILER_APPICON_NAME = AppIcon;
				CODE_SIGN_STYLE = Automatic;
				DEVELOPMENT_TEAM = MECQS3Z269;
				INFOPLIST_FILE = LBQRCode/Info.plist;
				IPHONEOS_DEPLOYMENT_TARGET = 9.0;
				LD_RUNPATH_SEARCH_PATHS = (
					"$(inherited)",
					"@executable_path/Frameworks",
				);
				PRODUCT_BUNDLE_IDENTIFIER = liubo.LBQRCode;
				PRODUCT_NAME = "$(TARGET_NAME)";
				TARGETED_DEVICE_FAMILY = 1;
			};
			name = Debug;
		};
		3AE0724C219BCD80009374B2 /* Release */ = {
			isa = XCBuildConfiguration;
			baseConfigurationReference = 2B36630F98415DA074375C53 /* Pods-LBQRCode.release.xcconfig */;
			buildSettings = {
				ASSETCATALOG_COMPILER_APPICON_NAME = AppIcon;
				CODE_SIGN_STYLE = Automatic;
				DEVELOPMENT_TEAM = MECQS3Z269;
				INFOPLIST_FILE = LBQRCode/Info.plist;
				IPHONEOS_DEPLOYMENT_TARGET = 9.0;
				LD_RUNPATH_SEARCH_PATHS = (
					"$(inherited)",
					"@executable_path/Frameworks",
				);
				PRODUCT_BUNDLE_IDENTIFIER = liubo.LBQRCode;
				PRODUCT_NAME = "$(TARGET_NAME)";
				TARGETED_DEVICE_FAMILY = 1;
			};
			name = Release;
		};
/* End XCBuildConfiguration section */

/* Begin XCConfigurationList section */
		3AE0722F219BCD7E009374B2 /* Build configuration list for PBXProject "LBQRCode" */ = {
			isa = XCConfigurationList;
			buildConfigurations = (
				3AE07248219BCD80009374B2 /* Debug */,
				3AE07249219BCD80009374B2 /* Release */,
			);
			defaultConfigurationIsVisible = 0;
			defaultConfigurationName = Release;
		};
		3AE0724A219BCD80009374B2 /* Build configuration list for PBXNativeTarget "LBQRCode" */ = {
			isa = XCConfigurationList;
			buildConfigurations = (
				3AE0724B219BCD80009374B2 /* Debug */,
				3AE0724C219BCD80009374B2 /* Release */,
			);
			defaultConfigurationIsVisible = 0;
			defaultConfigurationName = Release;
		};
/* End XCConfigurationList section */
	};
	rootObject = 3AE0722C219BCD7E009374B2 /* Project object */;
}
